
Microsoft Visual Studio Solution File, Format Version 12.00
# Visual Studio Version 18
VisualStudioVersion = 18.3.11520.95
MinimumVisualStudioVersion = 10.0.40219.1
Project("{2150E333-8FDC-42A3-9474-1A3956D46DE8}") = "Solution Items", "Solution Items", "{50634DEA-C873-43DA-A57E-39950972B358}"
	ProjectSection(SolutionItems) = preProject
		.editorconfig = .editorconfig
		Directory.Build.props = Directory.Build.props
		Directory.Packages.props = Directory.Packages.props
		global.json = global.json
		README.en.md = README.en.md
		README.es.md = README.es.md
		README.md = README.md
	EndProjectSection
EndProject
Project("{2150E333-8FDC-42A3-9474-1A3956D46DE8}") = "src", "src", "{75BB7F6A-BA0C-45A2-9E58-A69C5C47E2E8}"
EndProject
Project("{9A19103F-16F7-4668-BE54-9A1E7A4F7556}") = "Common.Application", "src\Common.Application\Common.Application.csproj", "{B16561DF-18EB-4481-A9F1-5A00C7FFE5D7}"
EndProject
Project("{9A19103F-16F7-4668-BE54-9A1E7A4F7556}") = "Common.Domain", "src\Common.Domain\Common.Domain.csproj", "{ECF93F1C-7D90-482E-89B3-72208E09E0A7}"
EndProject
Project("{9A19103F-16F7-4668-BE54-9A1E7A4F7556}") = "Common.Infrastructure", "src\Common.Infrastructure\Common.Infrastructure.csproj", "{26906F94-DA9B-4607-9114-E293F1F2A084}"
EndProject
Project("{9A19103F-16F7-4668-BE54-9A1E7A4F7556}") = "Common.Web", "src\Common.Web\Common.Web.csproj", "{5E30212B-0FDA-41DD-B3C7-7068B0683DDB}"
EndProject
Project("{2150E333-8FDC-42A3-9474-1A3956D46DE8}") = "tests", "tests", "{0AB3BF05-4346-4AA6-1389-037BE0695223}"
EndProject
Project("{FAE04EC0-301F-11D3-BF4B-00C04F79EFBC}") = "Common.Domain.Tests", "tests\Common.Domain.Tests\Common.Domain.Tests.csproj", "{C1379A30-FCE8-427F-B438-8CCA98309982}"
EndProject
Project("{FAE04EC0-301F-11D3-BF4B-00C04F79EFBC}") = "Common.Application.Tests", "tests\Common.Application.Tests\Common.Application.Tests.csproj", "{76C0D601-9EFB-4B9E-8307-7F37E0B83E9B}"
EndProject
Project("{FAE04EC0-301F-11D3-BF4B-00C04F79EFBC}") = "Common.Infrastructure.Tests", "tests\Common.Infrastructure.Tests\Common.Infrastructure.Tests.csproj", "{EF5AE9B5-97B7-4F2C-AE85-0C7CBB97764B}"
EndProject
Project("{FAE04EC0-301F-11D3-BF4B-00C04F79EFBC}") = "Common.Web.Tests", "tests\Common.Web.Tests\Common.Web.Tests.csproj", "{97CB6072-33B4-4F0D-9485-EC4235DCAE42}"
EndProject
Global
	GlobalSection(SolutionConfigurationPlatforms) = preSolution
		Debug|Any CPU = Debug|Any CPU
		Debug|x64 = Debug|x64
		Debug|x86 = Debug|x86
		Release|Any CPU = Release|Any CPU
		Release|x64 = Release|x64
		Release|x86 = Release|x86
	EndGlobalSection
	GlobalSection(ProjectConfigurationPlatforms) = postSolution
		{B16561DF-18EB-4481-A9F1-5A00C7FFE5D7}.Debug|Any CPU.ActiveCfg = Debug|Any CPU
		{B16561DF-18EB-4481-A9F1-5A00C7FFE5D7}.Debug|Any CPU.Build.0 = Debug|Any CPU
		{B16561DF-18EB-4481-A9F1-5A00C7FFE5D7}.Debug|x64.ActiveCfg = Debug|Any CPU
		{B16561DF-18EB-4481-A9F1-5A00C7FFE5D7}.Debug|x64.Build.0 = Debug|Any CPU
		{B16561DF-18EB-4481-A9F1-5A00C7FFE5D7}.Debug|x86.ActiveCfg = Debug|Any CPU
		{B16561DF-18EB-4481-A9F1-5A00C7FFE5D7}.Debug|x86.Build.0 = Debug|Any CPU
		{B16561DF-18EB-4481-A9F1-5A00C7FFE5D7}.Release|Any CPU.ActiveCfg = Release|Any CPU
		{B16561DF-18EB-4481-A9F1-5A00C7FFE5D7}.Release|Any CPU.Build.0 = Release|Any CPU
		{B16561DF-18EB-4481-A9F1-5A00C7FFE5D7}.Release|x64.ActiveCfg = Release|Any CPU
		{B16561DF-18EB-4481-A9F1-5A00C7FFE5D7}.Release|x64.Build.0 = Release|Any CPU
		{B16561DF-18EB-4481-A9F1-5A00C7FFE5D7}.Release|x86.ActiveCfg = Release|Any CPU
		{B16561DF-18EB-4481-A9F1-5A00C7FFE5D7}.Release|x86.Build.0 = Release|Any CPU
		{ECF93F1C-7D90-482E-89B3-72208E09E0A7}.Debug|Any CPU.ActiveCfg = Debug|Any CPU
		{ECF93F1C-7D90-482E-89B3-72208E09E0A7}.Debug|Any CPU.Build.0 = Debug|Any CPU
		{ECF93F1C-7D90-482E-89B3-72208E09E0A7}.Debug|x64.ActiveCfg = Debug|Any CPU
		{ECF93F1C-7D90-482E-89B3-72208E09E0A7}.Debug|x64.Build.0 = Debug|Any CPU
		{ECF93F1C-7D90-482E-89B3-72208E09E0A7}.Debug|x86.ActiveCfg = Debug|Any CPU
		{ECF93F1C-7D90-482E-89B3-72208E09E0A7}.Debug|x86.Build.0 = Debug|Any CPU
		{ECF93F1C-7D90-482E-89B3-72208E09E0A7}.Release|Any CPU.ActiveCfg = Release|Any CPU
		{ECF93F1C-7D90-482E-89B3-72208E09E0A7}.Release|Any CPU.Build.0 = Release|Any CPU
		{ECF93F1C-7D90-482E-89B3-72208E09E0A7}.Release|x64.ActiveCfg = Release|Any CPU
		{ECF93F1C-7D90-482E-89B3-72208E09E0A7}.Release|x64.Build.0 = Release|Any CPU
		{ECF93F1C-7D90-482E-89B3-72208E09E0A7}.Release|x86.ActiveCfg = Release|Any CPU
		{ECF93F1C-7D90-482E-89B3-72208E09E0A7}.Release|x86.Build.0 = Release|Any CPU
		{26906F94-DA9B-4607-9114-E293F1F2A084}.Debug|Any CPU.ActiveCfg = Debug|Any CPU
		{26906F94-DA9B-4607-9114-E293F1F2A084}.Debug|Any CPU.Build.0 = Debug|Any CPU
		{26906F94-DA9B-4607-9114-E293F1F2A084}.Debug|x64.ActiveCfg = Debug|Any CPU
		{26906F94-DA9B-4607-9114-E293F1F2A084}.Debug|x64.Build.0 = Debug|Any CPU
		{26906F94-DA9B-4607-9114-E293F1F2A084}.Debug|x86.ActiveCfg = Debug|Any CPU
		{26906F94-DA9B-4607-9114-E293F1F2A084}.Debug|x86.Build.0 = Debug|Any CPU
		{26906F94-DA9B-4607-9114-E293F1F2A084}.Release|Any CPU.ActiveCfg = Release|Any CPU
		{26906F94-DA9B-4607-9114-E293F1F2A084}.Release|Any CPU.Build.0 = Release|Any CPU
		{26906F94-DA9B-4607-9114-E293F1F2A084}.Release|x64.ActiveCfg = Release|Any CPU
		{26906F94-DA9B-4607-9114-E293F1F2A084}.Release|x64.Build.0 = Release|Any CPU
		{26906F94-DA9B-4607-9114-E293F1F2A084}.Release|x86.ActiveCfg = Release|Any CPU
		{26906F94-DA9B-4607-9114-E293F1F2A084}.Release|x86.Build.0 = Release|Any CPU
		{5E30212B-0FDA-41DD-B3C7-7068B0683DDB}.Debug|Any CPU.ActiveCfg = Debug|Any CPU
		{5E30212B-0FDA-41DD-B3C7-7068B0683DDB}.Debug|Any CPU.Build.0 = Debug|Any CPU
		{5E30212B-0FDA-41DD-B3C7-7068B0683DDB}.Debug|x64.ActiveCfg = Debug|Any CPU
		{5E30212B-0FDA-41DD-B3C7-7068B0683DDB}.Debug|x64.Build.0 = Debug|Any CPU
		{5E30212B-0FDA-41DD-B3C7-7068B0683DDB}.Debug|x86.ActiveCfg = Debug|Any CPU
		{5E30212B-0FDA-41DD-B3C7-7068B0683DDB}.Debug|x86.Build.0 = Debug|Any CPU
		{5E30212B-0FDA-41DD-B3C7-7068B0683DDB}.Release|Any CPU.ActiveCfg = Release|Any CPU
		{5E30212B-0FDA-41DD-B3C7-7068B0683DDB}.Release|Any CPU.Build.0 = Release|Any CPU
		{5E30212B-0FDA-41DD-B3C7-7068B0683DDB}.Release|x64.ActiveCfg = Release|Any CPU
		{5E30212B-0FDA-41DD-B3C7-7068B0683DDB}.Release|x64.Build.0 = Release|Any CPU
		{5E30212B-0FDA-41DD-B3C7-7068B0683DDB}.Release|x86.ActiveCfg = Release|Any CPU
		{5E30212B-0FDA-41DD-B3C7-7068B0683DDB}.Release|x86.Build.0 = Release|Any CPU
		{C1379A30-FCE8-427F-B438-8CCA98309982}.Debug|Any CPU.ActiveCfg = Debug|Any CPU
		{C1379A30-FCE8-427F-B438-8CCA98309982}.Debug|Any CPU.Build.0 = Debug|Any CPU
		{C1379A30-FCE8-427F-B438-8CCA98309982}.Debug|x64.ActiveCfg = Debug|Any CPU
		{C1379A30-FCE8-427F-B438-8CCA98309982}.Debug|x64.Build.0 = Debug|Any CPU
		{C1379A30-FCE8-427F-B438-8CCA98309982}.Debug|x86.ActiveCfg = Debug|Any CPU
		{C1379A30-FCE8-427F-B438-8CCA98309982}.Debug|x86.Build.0 = Debug|Any CPU
		{C1379A30-FCE8-427F-B438-8CCA98309982}.Release|Any CPU.ActiveCfg = Release|Any CPU
		{C1379A30-FCE8-427F-B438-8CCA98309982}.Release|Any CPU.Build.0 = Release|Any CPU
		{C1379A30-FCE8-427F-B438-8CCA98309982}.Release|x64.ActiveCfg = Release|Any CPU
		{C1379A30-FCE8-427F-B438-8CCA98309982}.Release|x64.Build.0 = Release|Any CPU
		{C1379A30-FCE8-427F-B438-8CCA98309982}.Release|x86.ActiveCfg = Release|Any CPU
		{C1379A30-FCE8-427F-B438-8CCA98309982}.Release|x86.Build.0 = Release|Any CPU
		{76C0D601-9EFB-4B9E-8307-7F37E0B83E9B}.Debug|Any CPU.ActiveCfg = Debug|Any CPU
		{76C0D601-9EFB-4B9E-8307-7F37E0B83E9B}.Debug|Any CPU.Build.0 = Debug|Any CPU
		{76C0D601-9EFB-4B9E-8307-7F37E0B83E9B}.Debug|x64.ActiveCfg = Debug|Any CPU
		{76C0D601-9EFB-4B9E-8307-7F37E0B83E9B}.Debug|x64.Build.0 = Debug|Any CPU
		{76C0D601-9EFB-4B9E-8307-7F37E0B83E9B}.Debug|x86.ActiveCfg = Debug|Any CPU
		{76C0D601-9EFB-4B9E-8307-7F37E0B83E9B}.Debug|x86.Build.0 = Debug|Any CPU
		{76C0D601-9EFB-4B9E-8307-7F37E0B83E9B}.Release|Any CPU.ActiveCfg = Release|Any CPU
		{76C0D601-9EFB-4B9E-8307-7F37E0B83E9B}.Release|Any CPU.Build.0 = Release|Any CPU
		{76C0D601-9EFB-4B9E-8307-7F37E0B83E9B}.Release|x64.ActiveCfg = Release|Any CPU
		{76C0D601-9EFB-4B9E-8307-7F37E0B83E9B}.Release|x64.Build.0 = Release|Any CPU
		{76C0D601-9EFB-4B9E-8307-7F37E0B83E9B}.Release|x86.ActiveCfg = Release|Any CPU
		{76C0D601-9EFB-4B9E-8307-7F37E0B83E9B}.Release|x86.Build.0 = Release|Any CPU
		{EF5AE9B5-97B7-4F2C-AE85-0C7CBB97764B}.Debug|Any CPU.ActiveCfg = Debug|Any CPU
		{EF5AE9B5-97B7-4F2C-AE85-0C7CBB97764B}.Debug|Any CPU.Build.0 = Debug|Any CPU
		{EF5AE9B5-97B7-4F2C-AE85-0C7CBB97764B}.Debug|x64.ActiveCfg = Debug|Any CPU
		{EF5AE9B5-97B7-4F2C-AE85-0C7CBB97764B}.Debug|x64.Build.0 = Debug|Any CPU
		{EF5AE9B5-97B7-4F2C-AE85-0C7CBB97764B}.Debug|x86.ActiveCfg = Debug|Any CPU
		{EF5AE9B5-97B7-4F2C-AE85-0C7CBB97764B}.Debug|x86.Build.0 = Debug|Any CPU
		{EF5AE9B5-97B7-4F2C-AE85-0C7CBB97764B}.Release|Any CPU.ActiveCfg = Release|Any CPU
		{EF5AE9B5-97B7-4F2C-AE85-0C7CBB97764B}.Release|Any CPU.Build.0 = Release|Any CPU
		{EF5AE9B5-97B7-4F2C-AE85-0C7CBB97764B}.Release|x64.ActiveCfg = Release|Any CPU
		{EF5AE9B5-97B7-4F2C-AE85-0C7CBB97764B}.Release|x64.Build.0 = Release|Any CPU
		{EF5AE9B5-97B7-4F2C-AE85-0C7CBB97764B}.Release|x86.ActiveCfg = Release|Any CPU
		{EF5AE9B5-97B7-4F2C-AE85-0C7CBB97764B}.Release|x86.Build.0 = Release|Any CPU
		{97CB6072-33B4-4F0D-9485-EC4235DCAE42}.Debug|Any CPU.ActiveCfg = Debug|Any CPU
		{97CB6072-33B4-4F0D-9485-EC4235DCAE42}.Debug|Any CPU.Build.0 = Debug|Any CPU
		{97CB6072-33B4-4F0D-9485-EC4235DCAE42}.Debug|x64.ActiveCfg = Debug|Any CPU
		{97CB6072-33B4-4F0D-9485-EC4235DCAE42}.Debug|x64.Build.0 = Debug|Any CPU
		{97CB6072-33B4-4F0D-9485-EC4235DCAE42}.Debug|x86.ActiveCfg = Debug|Any CPU
		{97CB6072-33B4-4F0D-9485-EC4235DCAE42}.Debug|x86.Build.0 = Debug|Any CPU
		{97CB6072-33B4-4F0D-9485-EC4235DCAE42}.Release|Any CPU.ActiveCfg = Release|Any CPU
		{97CB6072-33B4-4F0D-9485-EC4235DCAE42}.Release|Any CPU.Build.0 = Release|Any CPU
		{97CB6072-33B4-4F0D-9485-EC4235DCAE42}.Release|x64.ActiveCfg = Release|Any CPU
		{97CB6072-33B4-4F0D-9485-EC4235DCAE42}.Release|x64.Build.0 = Release|Any CPU
		{97CB6072-33B4-4F0D-9485-EC4235DCAE42}.Release|x86.ActiveCfg = Release|Any CPU
		{97CB6072-33B4-4F0D-9485-EC4235DCAE42}.Release|x86.Build.0 = Release|Any CPU
	EndGlobalSection
	GlobalSection(SolutionProperties) = preSolution
		HideSolutionNode = FALSE
	EndGlobalSection
	GlobalSection(NestedProjects) = preSolution
		{B16561DF-18EB-4481-A9F1-5A00C7FFE5D7} = {75BB7F6A-BA0C-45A2-9E58-A69C5C47E2E8}
		{ECF93F1C-7D90-482E-89B3-72208E09E0A7} = {75BB7F6A-BA0C-45A2-9E58-A69C5C47E2E8}
		{26906F94-DA9B-4607-9114-E293F1F2A084} = {75BB7F6A-BA0C-45A2-9E58-A69C5C47E2E8}
		{5E30212B-0FDA-41DD-B3C7-7068B0683DDB} = {75BB7F6A-BA0C-45A2-9E58-A69C5C47E2E8}
		{C1379A30-FCE8-427F-B438-8CCA98309982} = {0AB3BF05-4346-4AA6-1389-037BE0695223}
		{76C0D601-9EFB-4B9E-8307-7F37E0B83E9B} = {0AB3BF05-4346-4AA6-1389-037BE0695223}
		{EF5AE9B5-97B7-4F2C-AE85-0C7CBB97764B} = {0AB3BF05-4346-4AA6-1389-037BE0695223}
		{97CB6072-33B4-4F0D-9485-EC4235DCAE42} = {0AB3BF05-4346-4AA6-1389-037BE0695223}
	EndGlobalSection
	GlobalSection(ExtensibilityGlobals) = postSolution
		SolutionGuid = {2CBE3DE3-82E8-43B9-86E9-CEA60AD8564B}
	EndGlobalSection
EndGlobal
